
Microsoft Visual Studio Solution File, Format Version 12.00
# Visual Studio Version 16
VisualStudioVersion = 16.0.30309.148
MinimumVisualStudioVersion = 10.0.40219.1
Project("{9092AA53-FB77-4645-B42D-1CCCA6BD08BD}") = "0Bot", "0Bot.njsproj", "{AB44C3F9-7F39-44C9-A725-579D5517D5B9}"
EndProject
Global
	GlobalSection(SolutionConfigurationPlatforms) = preSolution
		Debug|Any CPU = Debug|Any CPU
		Release|Any CPU = Release|Any CPU
	EndGlobalSection
	GlobalSection(ProjectConfigurationPlatforms) = postSolution
		{AB44C3F9-7F39-44C9-A725-579D5517D5B9}.Debug|Any CPU.ActiveCfg = Debug|Any CPU
		{AB44C3F9-7F39-44C9-A725-579D5517D5B9}.Debug|Any CPU.Build.0 = Debug|Any CPU
		{AB44C3F9-7F39-44C9-A725-579D5517D5B9}.Release|Any CPU.ActiveCfg = Release|Any CPU
		{AB44C3F9-7F39-44C9-A725-579D5517D5B9}.Release|Any CPU.Build.0 = Release|Any CPU
	EndGlobalSection
	GlobalSection(SolutionProperties) = preSolution
		HideSolutionNode = FALSE
	EndGlobalSection
	GlobalSection(ExtensibilityGlobals) = postSolution
		SolutionGuid = {071731AA-F85B-413D-8455-C2235CE0A6BF}
	EndGlobalSection
EndGlobal
